{
  "name": "object",
  "version": "1.0.0",
  "lockfileVersion": 2,
  "requires": true,
  "packages": {
    "": {
      "name": "object",
      "version": "1.0.0",
      "license": "ISC",
      "dependencies": {
        "@vant/weapp": "^1.10.3",
        "hy-event-store": "^1.2.1"
      }
    },
    "node_modules/@vant/weapp": {
      "version": "1.10.3",
      "resolved": "https://registry.npmjs.org/@vant/weapp/-/weapp-1.10.3.tgz",
      "integrity": "sha512-CcG5umI+zlJRN6hQXPeknOenPkVm6WBEgBaB6Y94kOmKLx9NHtHBdURwxuJEA4q4mxhUdOuf6sV7I8tZBnCVxw=="
    },
    "node_modules/hy-event-store": {
      "version": "1.2.1",
      "resolved": "https://registry.npmjs.org/hy-event-store/-/hy-event-store-1.2.1.tgz",
      "integrity": "sha512-viMS7Zj1VmFgkAENrJr0lMV29FWzaSgLg1gTcZ+WJXuPO+SOhehWqALoJIDGms02qG+tO+++VsPkgD0rXlAikA=="
    }
  },
  "dependencies": {
    "@vant/weapp": {
      "version": "1.10.3",
      "resolved": "https://registry.npmjs.org/@vant/weapp/-/weapp-1.10.3.tgz",
      "integrity": "sha512-CcG5umI+zlJRN6hQXPeknOenPkVm6WBEgBaB6Y94kOmKLx9NHtHBdURwxuJEA4q4mxhUdOuf6sV7I8tZBnCVxw=="
    },
    "hy-event-store": {
      "version": "1.2.1",
      "resolved": "https://registry.npmjs.org/hy-event-store/-/hy-event-store-1.2.1.tgz",
      "integrity": "sha512-viMS7Zj1VmFgkAENrJr0lMV29FWzaSgLg1gTcZ+WJXuPO+SOhehWqALoJIDGms02qG+tO+++VsPkgD0rXlAikA=="
    }
  }
}
